
Microsoft Visual Studio Solution File, Format Version 12.00
# Visual Studio Version 17
VisualStudioVersion = 17.5.33502.453
MinimumVisualStudioVersion = 10.0.40219.1
Project("{2150E333-8FDC-42A3-9474-1A3956D46DE8}") = "1 -  Services", "1 -  Services", "{4DE39947-8981-40DB-B15C-727657C2757B}"
EndProject
Project("{2150E333-8FDC-42A3-9474-1A3956D46DE8}") = "2 - Application", "2 - Application", "{809D57B1-56A0-4EE5-A5F7-7CCB7B2C2C91}"
EndProject
Project("{2150E333-8FDC-42A3-9474-1A3956D46DE8}") = "3 - Domain", "3 - Domain", "{E5C2A976-4EE3-4D57-B7F8-26BBDB10D59A}"
EndProject
Project("{2150E333-8FDC-42A3-9474-1A3956D46DE8}") = "4 - Infrastructure", "4 - Infrastructure", "{FE1BCA6A-F9E2-4EBB-B531-31F073E8BF07}"
EndProject
Project("{FAE04EC0-301F-11D3-BF4B-00C04F79EFBC}") = "APIDDD.API", "APIDDD.API\APIDDD.API.csproj", "{E6C11CE6-50E1-403D-AA1B-4B5C8E02875D}"
EndProject
Project("{FAE04EC0-301F-11D3-BF4B-00C04F79EFBC}") = "APIDDD.Application", "APIDDD.Application\APIDDD.Application.csproj", "{F7E7458F-71C1-4912-8E9D-FD555E3BB764}"
EndProject
Project("{FAE04EC0-301F-11D3-BF4B-00C04F79EFBC}") = "APIDDD.Domain", "APIDDD.Domain\APIDDD.Domain.csproj", "{ECBA357E-FD33-407A-B448-18733904EB90}"
EndProject
Project("{FAE04EC0-301F-11D3-BF4B-00C04F79EFBC}") = "APIDDD.Domain.Core", "APIDDD.Domain.Core\APIDDD.Domain.Core.csproj", "{C4D1378C-75BE-404D-A5B8-4DB7C87F28AD}"
EndProject
Project("{FAE04EC0-301F-11D3-BF4B-00C04F79EFBC}") = "APIDDD.Domain.Services", "APIDDD.Domain.Services\APIDDD.Domain.Services.csproj", "{8878D8E7-2801-4C13-816F-00F0D834A444}"
EndProject
Project("{FAE04EC0-301F-11D3-BF4B-00C04F79EFBC}") = "APIDDD.Infrastructure", "APIDDD.Infrastructure\APIDDD.Infrastructure.csproj", "{689D842A-F3EE-4A48-8170-9B6C9C040656}"
EndProject
Global
	GlobalSection(SolutionConfigurationPlatforms) = preSolution
		Debug|Any CPU = Debug|Any CPU
		Release|Any CPU = Release|Any CPU
	EndGlobalSection
	GlobalSection(ProjectConfigurationPlatforms) = postSolution
		{E6C11CE6-50E1-403D-AA1B-4B5C8E02875D}.Debug|Any CPU.ActiveCfg = Debug|Any CPU
		{E6C11CE6-50E1-403D-AA1B-4B5C8E02875D}.Debug|Any CPU.Build.0 = Debug|Any CPU
		{E6C11CE6-50E1-403D-AA1B-4B5C8E02875D}.Release|Any CPU.ActiveCfg = Release|Any CPU
		{E6C11CE6-50E1-403D-AA1B-4B5C8E02875D}.Release|Any CPU.Build.0 = Release|Any CPU
		{F7E7458F-71C1-4912-8E9D-FD555E3BB764}.Debug|Any CPU.ActiveCfg = Debug|Any CPU
		{F7E7458F-71C1-4912-8E9D-FD555E3BB764}.Debug|Any CPU.Build.0 = Debug|Any CPU
		{F7E7458F-71C1-4912-8E9D-FD555E3BB764}.Release|Any CPU.ActiveCfg = Release|Any CPU
		{F7E7458F-71C1-4912-8E9D-FD555E3BB764}.Release|Any CPU.Build.0 = Release|Any CPU
		{ECBA357E-FD33-407A-B448-18733904EB90}.Debug|Any CPU.ActiveCfg = Debug|Any CPU
		{ECBA357E-FD33-407A-B448-18733904EB90}.Debug|Any CPU.Build.0 = Debug|Any CPU
		{ECBA357E-FD33-407A-B448-18733904EB90}.Release|Any CPU.ActiveCfg = Release|Any CPU
		{ECBA357E-FD33-407A-B448-18733904EB90}.Release|Any CPU.Build.0 = Release|Any CPU
		{C4D1378C-75BE-404D-A5B8-4DB7C87F28AD}.Debug|Any CPU.ActiveCfg = Debug|Any CPU
		{C4D1378C-75BE-404D-A5B8-4DB7C87F28AD}.Debug|Any CPU.Build.0 = Debug|Any CPU
		{C4D1378C-75BE-404D-A5B8-4DB7C87F28AD}.Release|Any CPU.ActiveCfg = Release|Any CPU
		{C4D1378C-75BE-404D-A5B8-4DB7C87F28AD}.Release|Any CPU.Build.0 = Release|Any CPU
		{8878D8E7-2801-4C13-816F-00F0D834A444}.Debug|Any CPU.ActiveCfg = Debug|Any CPU
		{8878D8E7-2801-4C13-816F-00F0D834A444}.Debug|Any CPU.Build.0 = Debug|Any CPU
		{8878D8E7-2801-4C13-816F-00F0D834A444}.Release|Any CPU.ActiveCfg = Release|Any CPU
		{8878D8E7-2801-4C13-816F-00F0D834A444}.Release|Any CPU.Build.0 = Release|Any CPU
		{689D842A-F3EE-4A48-8170-9B6C9C040656}.Debug|Any CPU.ActiveCfg = Debug|Any CPU
		{689D842A-F3EE-4A48-8170-9B6C9C040656}.Debug|Any CPU.Build.0 = Debug|Any CPU
		{689D842A-F3EE-4A48-8170-9B6C9C040656}.Release|Any CPU.ActiveCfg = Release|Any CPU
		{689D842A-F3EE-4A48-8170-9B6C9C040656}.Release|Any CPU.Build.0 = Release|Any CPU
	EndGlobalSection
	GlobalSection(SolutionProperties) = preSolution
		HideSolutionNode = FALSE
	EndGlobalSection
	GlobalSection(NestedProjects) = preSolution
		{E6C11CE6-50E1-403D-AA1B-4B5C8E02875D} = {4DE39947-8981-40DB-B15C-727657C2757B}
		{F7E7458F-71C1-4912-8E9D-FD555E3BB764} = {809D57B1-56A0-4EE5-A5F7-7CCB7B2C2C91}
		{ECBA357E-FD33-407A-B448-18733904EB90} = {E5C2A976-4EE3-4D57-B7F8-26BBDB10D59A}
		{C4D1378C-75BE-404D-A5B8-4DB7C87F28AD} = {E5C2A976-4EE3-4D57-B7F8-26BBDB10D59A}
		{8878D8E7-2801-4C13-816F-00F0D834A444} = {E5C2A976-4EE3-4D57-B7F8-26BBDB10D59A}
		{689D842A-F3EE-4A48-8170-9B6C9C040656} = {FE1BCA6A-F9E2-4EBB-B531-31F073E8BF07}
	EndGlobalSection
	GlobalSection(ExtensibilityGlobals) = postSolution
		SolutionGuid = {0B5CDC0E-164E-4B72-802E-AABEC53C0FB0}
	EndGlobalSection
EndGlobal
